
Microsoft Visual Studio Solution File, Format Version 12.00
Project("{FAE04EC0-301F-11D3-BF4B-00C04F79EFBC}") = "SystemZgloszen", "SystemZgloszen\SystemZgloszen.csproj", "{AC02942A-035B-44E0-A5EA-5E868E40936C}"
EndProject
Global
	GlobalSection(SolutionConfigurationPlatforms) = preSolution
		Debug|Any CPU = Debug|Any CPU
		Release|Any CPU = Release|Any CPU
	EndGlobalSection
	GlobalSection(ProjectConfigurationPlatforms) = postSolution
		{AC02942A-035B-44E0-A5EA-5E868E40936C}.Debug|Any CPU.ActiveCfg = Debug|Any CPU
		{AC02942A-035B-44E0-A5EA-5E868E40936C}.Debug|Any CPU.Build.0 = Debug|Any CPU
		{AC02942A-035B-44E0-A5EA-5E868E40936C}.Release|Any CPU.ActiveCfg = Release|Any CPU
		{AC02942A-035B-44E0-A5EA-5E868E40936C}.Release|Any CPU.Build.0 = Release|Any CPU
	EndGlobalSection
EndGlobal
